
Microsoft Visual Studio Solution File, Format Version 12.00
# Visual Studio 2015
Project("{FAE04EC0-301F-11D3-BF4B-00C04F79EFBC}") = "arMqtt", "arMqtt.csproj", "{E505D51B-2849-E6E7-AE42-720079B8A5DC}"
EndProject
Project("{FAE04EC0-301F-11D3-BF4B-00C04F79EFBC}") = "arMqtt.Editor", "arMqtt.Editor.csproj", "{2FF8AACC-8CEF-7252-68C4-0512EAA59E7C}"
EndProject
Global
	GlobalSection(SolutionConfigurationPlatforms) = preSolution
		Debug|Any CPU = Debug|Any CPU
		Release|Any CPU = Release|Any CPU
	EndGlobalSection
	GlobalSection(ProjectConfigurationPlatforms) = postSolution
		{E505D51B-2849-E6E7-AE42-720079B8A5DC}.Debug|Any CPU.ActiveCfg = Debug|Any CPU
		{E505D51B-2849-E6E7-AE42-720079B8A5DC}.Debug|Any CPU.Build.0 = Debug|Any CPU
		{E505D51B-2849-E6E7-AE42-720079B8A5DC}.Release|Any CPU.ActiveCfg = Release|Any CPU
		{E505D51B-2849-E6E7-AE42-720079B8A5DC}.Release|Any CPU.Build.0 = Release|Any CPU
		{2FF8AACC-8CEF-7252-68C4-0512EAA59E7C}.Debug|Any CPU.ActiveCfg = Debug|Any CPU
		{2FF8AACC-8CEF-7252-68C4-0512EAA59E7C}.Debug|Any CPU.Build.0 = Debug|Any CPU
		{2FF8AACC-8CEF-7252-68C4-0512EAA59E7C}.Release|Any CPU.ActiveCfg = Release|Any CPU
		{2FF8AACC-8CEF-7252-68C4-0512EAA59E7C}.Release|Any CPU.Build.0 = Release|Any CPU
	EndGlobalSection
	GlobalSection(SolutionProperties) = preSolution
		HideSolutionNode = FALSE
	EndGlobalSection
EndGlobal
